
Microsoft Visual Studio Solution File, Format Version 12.00
# Visual Studio Version 17
VisualStudioVersion = 17.9.34728.123
MinimumVisualStudioVersion = 10.0.40219.1
Project("{FAE04EC0-301F-11D3-BF4B-00C04F79EFBC}") = "DeepControl", "DeepControl\DeepControl.csproj", "{1C317719-C2A3-43A0-A93B-E11ED944DA15}"
EndProject
Global
	GlobalSection(SolutionConfigurationPlatforms) = preSolution
		Debug|Any CPU = Debug|Any CPU
		Release|Any CPU = Release|Any CPU
	EndGlobalSection
	GlobalSection(ProjectConfigurationPlatforms) = postSolution
		{1C317719-C2A3-43A0-A93B-E11ED944DA15}.Debug|Any CPU.ActiveCfg = Debug|Any CPU
		{1C317719-C2A3-43A0-A93B-E11ED944DA15}.Debug|Any CPU.Build.0 = Debug|Any CPU
		{1C317719-C2A3-43A0-A93B-E11ED944DA15}.Release|Any CPU.ActiveCfg = Release|Any CPU
		{1C317719-C2A3-43A0-A93B-E11ED944DA15}.Release|Any CPU.Build.0 = Release|Any CPU
	EndGlobalSection
	GlobalSection(SolutionProperties) = preSolution
		HideSolutionNode = FALSE
	EndGlobalSection
	GlobalSection(ExtensibilityGlobals) = postSolution
		SolutionGuid = {24BECA34-1B50-4E7D-9D50-B6DBC7FF0B83}
	EndGlobalSection
EndGlobal
